<Solution>
  <Folder Name="/samples/">
    <Project Path="samples/01-QuickStart/DynamicEndpoints.Samples.QuickStart.csproj" />
    <Project Path="samples/02-Validation/DynamicEndpoints.Samples.Validation.csproj" />
    <Project Path="samples/03-CustomProcessors/DynamicEndpoints.Samples.CustomProcessors.csproj" />
    <Project Path="samples/04-BuiltInProcessors/DynamicEndpoints.Samples.BuiltInProcessors.csproj" />
    <Project Path="samples/05-EfCrud/DynamicEndpoints.Samples.EfCrud.csproj" />
    <Project Path="samples/06-MultiTenancy/DynamicEndpoints.Samples.MultiTenancy.csproj" />
    <Project Path="samples/07-OpenApiImport/DynamicEndpoints.Samples.OpenApiImport.csproj" />
    <Project Path="samples/08-GitOps/DynamicEndpoints.Samples.GitOps.csproj" />
    <Project Path="samples/DynamicEndpoints.AppHost/DynamicEndpoints.AppHost.csproj" />
    <Project Path="samples/Showcase/DynamicEndpoints.Samples.Showcase.csproj" />
    <Project Path="samples/DynamicEndpoints.ServiceDefaults/DynamicEndpoints.ServiceDefaults.csproj" />
  </Folder>
  <Folder Name="/src/">
    <Project Path="src/DynamicEndpoints.AdminUI/DynamicEndpoints.AdminUI.csproj" />
    <Project Path="src/DynamicEndpoints.Cli/DynamicEndpoints.Cli.csproj" />
    <Project Path="src/DynamicEndpoints.Analyzers/DynamicEndpoints.Analyzers.csproj" />
    <Project Path="src/DynamicEndpoints.EntityFrameworkCore/DynamicEndpoints.EntityFrameworkCore.csproj" />
    <Project Path="src/DynamicEndpoints.FluentValidation/DynamicEndpoints.FluentValidation.csproj" />
    <Project Path="src/DynamicEndpoints.OpenTelemetry/DynamicEndpoints.OpenTelemetry.csproj" />
    <Project Path="src/DynamicEndpoints.PostgreSql/DynamicEndpoints.PostgreSql.csproj" />
    <Project Path="src/DynamicEndpoints.Redis/DynamicEndpoints.Redis.csproj" />
    <Project Path="src/DynamicEndpoints.Sql/DynamicEndpoints.Sql.csproj" />
    <Project Path="src/DynamicEndpoints.Templates/DynamicEndpoints.Templates.csproj" />
    <Project Path="src/DynamicEndpoints.Testing/DynamicEndpoints.Testing.csproj" />
    <Project Path="src/DynamicEndpoints.Yaml/DynamicEndpoints.Yaml.csproj" />
    <Project Path="src/DynamicEndpoints/DynamicEndpoints.csproj" />
  </Folder>
  <Folder Name="/tests/">
    <Project Path="tests/DynamicEndpoints.Analyzers.Tests/DynamicEndpoints.Analyzers.Tests.csproj" />
    <Project Path="tests/DynamicEndpoints.Benchmarks/DynamicEndpoints.Benchmarks.csproj" />
    <Project Path="tests/DynamicEndpoints.Samples.Tests/DynamicEndpoints.Samples.Tests.csproj" />
    <Project Path="tests/DynamicEndpoints.Tests/DynamicEndpoints.Tests.csproj" />
  </Folder>
</Solution>
